
Microsoft Visual Studio Solution File, Format Version 12.00
# Visual Studio 15
VisualStudioVersion = 15.0.28307.329
MinimumVisualStudioVersion = 10.0.40219.1
Project("{FAE04EC0-301F-11D3-BF4B-00C04F79EFBC}") = "SoftwareDownloader", "SoftwareDownloader\SoftwareDownloader.csproj", "{D0C40913-7055-4ECD-A998-8B55FA726AD9}"
EndProject
Project("{2150E333-8FDC-42A3-9474-1A3956D46DE8}") = "SolutionItems", "SolutionItems", "{9CA4E898-E8B6-4F8F-AEA0-51F79B718FD9}"
	ProjectSection(SolutionItems) = preProject
		CopyCofigToProgramData.bat = CopyCofigToProgramData.bat
	EndProjectSection
EndProject
Global
	GlobalSection(SolutionConfigurationPlatforms) = preSolution
		Debug|Any CPU = Debug|Any CPU
		Release|Any CPU = Release|Any CPU
	EndGlobalSection
	GlobalSection(ProjectConfigurationPlatforms) = postSolution
		{D0C40913-7055-4ECD-A998-8B55FA726AD9}.Debug|Any CPU.ActiveCfg = Debug|Any CPU
		{D0C40913-7055-4ECD-A998-8B55FA726AD9}.Debug|Any CPU.Build.0 = Debug|Any CPU
		{D0C40913-7055-4ECD-A998-8B55FA726AD9}.Release|Any CPU.ActiveCfg = Release|Any CPU
		{D0C40913-7055-4ECD-A998-8B55FA726AD9}.Release|Any CPU.Build.0 = Release|Any CPU
	EndGlobalSection
	GlobalSection(SolutionProperties) = preSolution
		HideSolutionNode = FALSE
	EndGlobalSection
	GlobalSection(ExtensibilityGlobals) = postSolution
		SolutionGuid = {6CC42708-9F58-4061-AE29-7F9B35E51CD7}
	EndGlobalSection
EndGlobal
